{
  "requires": true,
  "lockfileVersion": 1,
  "dependencies": {
    "colors": {
      "version": "1.1.2",
      "resolved": "https://registry.npmjs.org/colors/-/colors-1.1.2.tgz",
      "integrity": "sha1-FopHAXVran9RoSzgyXv6KMCE7WM="
    },
    "jasmine-spec-reporter": {
      "version": "4.2.1",
      "resolved": "https://registry.npmjs.org/jasmine-spec-reporter/-/jasmine-spec-reporter-4.2.1.tgz",
      "integrity": "sha512-FZBoZu7VE5nR7Nilzy+Np8KuVIOxF4oXDPDknehCYBDE080EnlPu0afdZNmpGDBRCUBv3mj5qgqCRmk6W/K8vg==",
      "requires": {
        "colors": "1.1.2"
      }
    },
    "protractor-custom-locators": {
      "version": "3.0.0",
      "resolved": "https://registry.npmjs.org/protractor-custom-locators/-/protractor-custom-locators-3.0.0.tgz",
      "integrity": "sha512-7TUt7hmJXmFf9wq+/g8D3Gg9dOXIR5W+KIK3Na2HqyTFfR/0I9ACOJNWSNX/c1b5F5qMEeuPUMARRkRD2OM3fQ=="
    },
    "protractor-pretty-html-reporter": {
      "version": "0.0.15",
      "resolved": "https://registry.npmjs.org/protractor-pretty-html-reporter/-/protractor-pretty-html-reporter-0.0.15.tgz",
      "integrity": "sha512-rQxrtD8aiWAyeRreIBtpAwKzXddvgnb669pECDOOik8Xu4xcepNnWhd3RNG+h33bQ4nPNin9oe0JlyYNU/b3mA==",
      "dev": true
    },
    "protractor-uisref-locator": {
      "version": "1.2.0",
      "resolved": "https://registry.npmjs.org/protractor-uisref-locator/-/protractor-uisref-locator-1.2.0.tgz",
      "integrity": "sha1-hlbQ1cvzcvbwtIEaAf4IJkqpRTk="
    }
  }
}
